Microsoft Visual Studio Solution File, Format Version 11.00
# Visual Studio 2008

Project("{F1D9CFCA-11CD-971E-2E41-FCE28D49B226}") = "Hide and Seek", "Assembly-CSharp.csproj", "{B02859CA-DF0F-B05F-BB7E-EDCA676D7E3A}"
EndProject
Global
	GlobalSection(SolutionConfigurationPlatforms) = preSolution
		Debug|Any CPU = Debug|Any CPU
		Release|Any CPU = Release|Any CPU
	EndGlobalSection
	GlobalSection(ProjectConfigurationPlatforms) = postSolution
		{B02859CA-DF0F-B05F-BB7E-EDCA676D7E3A}.Debug|Any CPU.ActiveCfg = Debug|Any CPU
		{B02859CA-DF0F-B05F-BB7E-EDCA676D7E3A}.Debug|Any CPU.Build.0 = Debug|Any CPU
		{B02859CA-DF0F-B05F-BB7E-EDCA676D7E3A}.Release|Any CPU.ActiveCfg = Release|Any CPU
		{B02859CA-DF0F-B05F-BB7E-EDCA676D7E3A}.Release|Any CPU.Build.0 = Release|Any CPU
	EndGlobalSection
	GlobalSection(SolutionProperties) = preSolution
		HideSolutionNode = FALSE
	EndGlobalSection
	GlobalSection(MonoDevelopProperties) = preSolution
		StartupItem = Assembly-CSharp.csproj
	EndGlobalSection
EndGlobal
